# THIS IS AN AUTOGENERATED FILE. DO NOT EDIT THIS FILE DIRECTLY.
# yarn lockfile v1


"@dcloudio/uni-ui@^1.4.15":
  version "1.4.15"
  resolved "https://registry.npmmirror.com/@dcloudio/uni-ui/-/uni-ui-1.4.15.tgz#0999f93c7acd974b772f0cd4d708d006474b2195"
  integrity sha512-V/qg2N78XAEnKyPM5sXa0QDjw0+JIyZi3LBwmpggztsFM2uOI3JevLeAUzpk59Z+kJVbISXaaB26OfdD+Tf1aw==
